
Microsoft Visual Studio Solution File, Format Version 11.00
# Visual Studio 2010
Project("{8BC9CEB8-8B4A-11D0-8D11-00A0C91BC942}") = "Diffex", "Diffex\Diffex.vcxproj", "{D6414535-0399-4182-AAB9-8B5EE925EAE3}"
EndProject
Global
	GlobalSection(SubversionScc) = preSolution
		Svn-Managed = True
		Manager = AnkhSVN - Subversion Support for Visual Studio
	EndGlobalSection
	GlobalSection(SolutionConfigurationPlatforms) = preSolution
		Debug|Win32 = Debug|Win32
		Release|Win32 = Release|Win32
	EndGlobalSection
	GlobalSection(ProjectConfigurationPlatforms) = postSolution
		{D6414535-0399-4182-AAB9-8B5EE925EAE3}.Debug|Win32.ActiveCfg = Debug|Win32
		{D6414535-0399-4182-AAB9-8B5EE925EAE3}.Debug|Win32.Build.0 = Debug|Win32
		{D6414535-0399-4182-AAB9-8B5EE925EAE3}.Release|Win32.ActiveCfg = Release|Win32
		{D6414535-0399-4182-AAB9-8B5EE925EAE3}.Release|Win32.Build.0 = Release|Win32
	EndGlobalSection
	GlobalSection(SolutionProperties) = preSolution
		HideSolutionNode = FALSE
	EndGlobalSection
EndGlobal
